// !$*UTF8*$!
{
	archiveVersion = 1;
	classes = {
	};
	objectVersion = 50;
	objects = {

/* Begin PBXBuildFile section */
		464B7DBA25E0DFAE00C05E4A /* CityWeather.swift in Sources */ = {isa = PBXBuildFile; fileRef = 464B7DB925E0DFAE00C05E4A /* CityWeather.swift */; };
		464DE53425E4AEBD007476E3 /* DetailViewController.swift in Sources */ = {isa = PBXBuildFile; fileRef = 464DE53325E4AEBD007476E3 /* DetailViewController.swift */; };
		4650ED1325DE5933007E445C /* AppDelegate.swift in Sources */ = {isa = PBXBuildFile; fileRef = 4650ED1225DE5933007E445C /* AppDelegate.swift */; };
		4650ED1525DE5933007E445C /* SceneDelegate.swift in Sources */ = {isa = PBXBuildFile; fileRef = 4650ED1425DE5933007E445C /* SceneDelegate.swift */; };
		4650ED1725DE5933007E445C /* TableViewController.swift in Sources */ = {isa = PBXBuildFile; fileRef = 4650ED1625DE5933007E445C /* TableViewController.swift */; };
		4650ED1C25DE5936007E445C /* Assets.xcassets in Resources */ = {isa = PBXBuildFile; fileRef = 4650ED1B25DE5936007E445C /* Assets.xcassets */; };
		4650ED1F25DE5936007E445C /* LaunchScreen.storyboard in Resources */ = {isa = PBXBuildFile; fileRef = 4650ED1D25DE5936007E445C /* LaunchScreen.storyboard */; };
		4650ED2925DE6736007E445C /* APIKeys.swift in Sources */ = {isa = PBXBuildFile; fileRef = 4650ED2825DE6736007E445C /* APIKeys.swift */; };
		4656BD3025DF5ED100B5DA89 /* TableViewCell.swift in Sources */ = {isa = PBXBuildFile; fileRef = 4656BD2F25DF5ED100B5DA89 /* TableViewCell.swift */; };
		4656BD3425DF6BAA00B5DA89 /* SearchViewController.swift in Sources */ = {isa = PBXBuildFile; fileRef = 4656BD3325DF6BAA00B5DA89 /* SearchViewController.swift */; };
		465903E325E38A6300767CFB /* FooterVIew.swift in Sources */ = {isa = PBXBuildFile; fileRef = 465903E225E38A6300767CFB /* FooterVIew.swift */; };
		465903EC25E3AF9700767CFB /* SwitchTempUnit.swift in Sources */ = {isa = PBXBuildFile; fileRef = 465903EB25E3AF9700767CFB /* SwitchTempUnit.swift */; };
/* End PBXBuildFile section */

/* Begin PBXFileReference section */
		464B7DB925E0DFAE00C05E4A /* CityWeather.swift */ = {isa = PBXFileReference; lastKnownFileType = sourcecode.swift; path = CityWeather.swift; sourceTree = "<group>"; };
		464DE53325E4AEBD007476E3 /* DetailViewController.swift */ = {isa = PBXFileReference; lastKnownFileType = sourcecode.swift; path = DetailViewController.swift; sourceTree = "<group>"; };
		4650ED0F25DE5933007E445C /* WeatherApp.app */ = {isa = PBXFileReference; explicitFileType = wrapper.application; includeInIndex = 0; path = WeatherApp.app; sourceTree = BUILT_PRODUCTS_DIR; };
		4650ED1225DE5933007E445C /* AppDelegate.swift */ = {isa = PBXFileReference; lastKnownFileType = sourcecode.swift; path = AppDelegate.swift; sourceTree = "<group>"; };
		4650ED1425DE5933007E445C /* SceneDelegate.swift */ = {isa = PBXFileReference; lastKnownFileType = sourcecode.swift; path = SceneDelegate.swift; sourceTree = "<group>"; };
		4650ED1625DE5933007E445C /* TableViewController.swift */ = {isa = PBXFileReference; lastKnownFileType = sourcecode.swift; path = TableViewController.swift; sourceTree = "<group>"; };
		4650ED1B25DE5936007E445C /* Assets.xcassets */ = {isa = PBXFileReference; lastKnownFileType = folder.assetcatalog; path = Assets.xcassets; sourceTree = "<group>"; };
		4650ED1E25DE5936007E445C /* Base */ = {isa = PBXFileReference; lastKnownFileType = file.storyboard; name = Base; path = Base.lproj/LaunchScreen.storyboard; sourceTree = "<group>"; };
		4650ED2025DE5936007E445C /* Info.plist */ = {isa = PBXFileReference; lastKnownFileType = text.plist.xml; path = Info.plist; sourceTree = "<group>"; };
		4650ED2825DE6736007E445C /* APIKeys.swift */ = {isa = PBXFileReference; lastKnownFileType = sourcecode.swift; path = APIKeys.swift; sourceTree = "<group>"; };
		4656BD2F25DF5ED100B5DA89 /* TableViewCell.swift */ = {isa = PBXFileReference; lastKnownFileType = sourcecode.swift; path = TableViewCell.swift; sourceTree = "<group>"; };
		4656BD3325DF6BAA00B5DA89 /* SearchViewController.swift */ = {isa = PBXFileReference; lastKnownFileType = sourcecode.swift; path = SearchViewController.swift; sourceTree = "<group>"; };
		465903E225E38A6300767CFB /* FooterVIew.swift */ = {isa = PBXFileReference; lastKnownFileType = sourcecode.swift; path = FooterVIew.swift; sourceTree = "<group>"; };
		465903EB25E3AF9700767CFB /* SwitchTempUnit.swift */ = {isa = PBXFileReference; lastKnownFileType = sourcecode.swift; path = SwitchTempUnit.swift; sourceTree = "<group>"; };
/* End PBXFileReference section */

/* Begin PBXFrameworksBuildPhase section */
		4650ED0C25DE5933007E445C /* Frameworks */ = {
			isa = PBXFrameworksBuildPhase;
			buildActionMask = 2147483647;
			files = (
			);
			runOnlyForDeploymentPostprocessing = 0;
		};
/* End PBXFrameworksBuildPhase section */

/* Begin PBXGroup section */
		4650ED0625DE5933007E445C = {
			isa = PBXGroup;
			children = (
				4650ED1125DE5933007E445C /* WeatherApp */,
				4650ED1025DE5933007E445C /* Products */,
			);
			sourceTree = "<group>";
		};
		4650ED1025DE5933007E445C /* Products */ = {
			isa = PBXGroup;
			children = (
				4650ED0F25DE5933007E445C /* WeatherApp.app */,
			);
			name = Products;
			sourceTree = "<group>";
		};
		4650ED1125DE5933007E445C /* WeatherApp */ = {
			isa = PBXGroup;
			children = (
				4650ED1225DE5933007E445C /* AppDelegate.swift */,
				4650ED1425DE5933007E445C /* SceneDelegate.swift */,
				465903E825E3AF3E00767CFB /* View */,
				465903E925E3AF5200767CFB /* Controller */,
				4656BD2F25DF5ED100B5DA89 /* TableViewCell.swift */,
				4656BD3325DF6BAA00B5DA89 /* SearchViewController.swift */,
				4650ED1B25DE5936007E445C /* Assets.xcassets */,
				4650ED1D25DE5936007E445C /* LaunchScreen.storyboard */,
				4650ED2025DE5936007E445C /* Info.plist */,
				465903E525E3AF1600767CFB /* Model */,
			);
			path = WeatherApp;
			sourceTree = "<group>";
		};
		465903E525E3AF1600767CFB /* Model */ = {
			isa = PBXGroup;
			children = (
				4650ED2825DE6736007E445C /* APIKeys.swift */,
				464B7DB925E0DFAE00C05E4A /* CityWeather.swift */,
				465903EB25E3AF9700767CFB /* SwitchTempUnit.swift */,
			);
			path = Model;
			sourceTree = "<group>";
		};
		465903E825E3AF3E00767CFB /* View */ = {
			isa = PBXGroup;
			children = (
				465903E225E38A6300767CFB /* FooterVIew.swift */,
			);
			path = View;
			sourceTree = "<group>";
		};
		465903E925E3AF5200767CFB /* Controller */ = {
			isa = PBXGroup;
			children = (
				4650ED1625DE5933007E445C /* TableViewController.swift */,
				464DE53325E4AEBD007476E3 /* DetailViewController.swift */,
			);
			path = Controller;
			sourceTree = "<group>";
		};
/* End PBXGroup section */

/* Begin PBXNativeTarget section */
		4650ED0E25DE5933007E445C /* WeatherApp */ = {
			isa = PBXNativeTarget;
			buildConfigurationList = 4650ED2325DE5936007E445C /* Build configuration list for PBXNativeTarget "WeatherApp" */;
			buildPhases = (
				4650ED0B25DE5933007E445C /* Sources */,
				4650ED0C25DE5933007E445C /* Frameworks */,
				4650ED0D25DE5933007E445C /* Resources */,
			);
			buildRules = (
			);
			dependencies = (
			);
			name = WeatherApp;
			productName = WeatherApp;
			productReference = 4650ED0F25DE5933007E445C /* WeatherApp.app */;
			productType = "com.apple.product-type.application";
		};
/* End PBXNativeTarget section */

/* Begin PBXProject section */
		4650ED0725DE5933007E445C /* Project object */ = {
			isa = PBXProject;
			attributes = {
				LastSwiftUpdateCheck = 1240;
				LastUpgradeCheck = 1240;
				TargetAttributes = {
					4650ED0E25DE5933007E445C = {
						CreatedOnToolsVersion = 12.4;
					};
				};
			};
			buildConfigurationList = 4650ED0A25DE5933007E445C /* Build configuration list for PBXProject "WeatherApp" */;
			compatibilityVersion = "Xcode 9.3";
			developmentRegion = en;
			hasScannedForEncodings = 0;
			knownRegions = (
				en,
				Base,
			);
			mainGroup = 4650ED0625DE5933007E445C;
			productRefGroup = 4650ED1025DE5933007E445C /* Products */;
			projectDirPath = "";
			projectRoot = "";
			targets = (
				4650ED0E25DE5933007E445C /* WeatherApp */,
			);
		};
/* End PBXProject section */

/* Begin PBXResourcesBuildPhase section */
		4650ED0D25DE5933007E445C /* Resources */ = {
			isa = PBXResourcesBuildPhase;
			buildActionMask = 2147483647;
			files = (
				4650ED1F25DE5936007E445C /* LaunchScreen.storyboard in Resources */,
				4650ED1C25DE5936007E445C /* Assets.xcassets in Resources */,
			);
			runOnlyForDeploymentPostprocessing = 0;
		};
/* End PBXResourcesBuildPhase section */

/* Begin PBXSourcesBuildPhase section */
		4650ED0B25DE5933007E445C /* Sources */ = {
			isa = PBXSourcesBuildPhase;
			buildActionMask = 2147483647;
			files = (
				4656BD3425DF6BAA00B5DA89 /* SearchViewController.swift in Sources */,
				4656BD3025DF5ED100B5DA89 /* TableViewCell.swift in Sources */,
				4650ED1725DE5933007E445C /* TableViewController.swift in Sources */,
				4650ED1325DE5933007E445C /* AppDelegate.swift in Sources */,
				464B7DBA25E0DFAE00C05E4A /* CityWeather.swift in Sources */,
				465903E325E38A6300767CFB /* FooterVIew.swift in Sources */,
				4650ED2925DE6736007E445C /* APIKeys.swift in Sources */,
				464DE53425E4AEBD007476E3 /* DetailViewController.swift in Sources */,
				465903EC25E3AF9700767CFB /* SwitchTempUnit.swift in Sources */,
				4650ED1525DE5933007E445C /* SceneDelegate.swift in Sources */,
			);
			runOnlyForDeploymentPostprocessing = 0;
		};
/* End PBXSourcesBuildPhase section */

/* Begin PBXVariantGroup section */
		4650ED1D25DE5936007E445C /* LaunchScreen.storyboard */ = {
			isa = PBXVariantGroup;
			children = (
				4650ED1E25DE5936007E445C /* Base */,
			);
			name = LaunchScreen.storyboard;
			sourceTree = "<group>";
		};
/* End PBXVariantGroup section */

/* Begin XCBuildConfiguration section */
		4650ED2125DE5936007E445C /* Debug */ = {
			isa = XCBuildConfiguration;
			buildSettings = {
				ALWAYS_SEARCH_USER_PATHS = NO;
				CLANG_ANALYZER_NONNULL = YES;
				CLANG_ANALYZER_NUMBER_OBJECT_CONVERSION = YES_AGGRESSIVE;
				CLANG_CXX_LANGUAGE_STANDARD = "gnu++14";
				CLANG_CXX_LIBRARY = "libc++";
				CLANG_ENABLE_MODULES = YES;
				CLANG_ENABLE_OBJC_ARC = YES;
				CLANG_ENABLE_OBJC_WEAK = YES;
				CLANG_WARN_BLOCK_CAPTURE_AUTORELEASING = YES;
				CLANG_WARN_BOOL_CONVERSION = YES;
				CLANG_WARN_COMMA = YES;
				CLANG_WARN_CONSTANT_CONVERSION = YES;
				CLANG_WARN_DEPRECATED_OBJC_IMPLEMENTATIONS = YES;
				CLANG_WARN_DIRECT_OBJC_ISA_USAGE = YES_ERROR;
				CLANG_WARN_DOCUMENTATION_COMMENTS = YES;
				CLANG_WARN_EMPTY_BODY = YES;
				CLANG_WARN_ENUM_CONVERSION = YES;
				CLANG_WARN_INFINITE_RECURSION = YES;
				CLANG_WARN_INT_CONVERSION = YES;
				CLANG_WARN_NON_LITERAL_NULL_CONVERSION = YES;
				CLANG_WARN_OBJC_IMPLICIT_RETAIN_SELF = YES;
				CLANG_WARN_OBJC_LITERAL_CONVERSION = YES;
				CLANG_WARN_OBJC_ROOT_CLASS = YES_ERROR;
				CLANG_WARN_QUOTED_INCLUDE_IN_FRAMEWORK_HEADER = YES;
				CLANG_WARN_RANGE_LOOP_ANALYSIS = YES;
				CLANG_WARN_STRICT_PROTOTYPES = YES;
				CLANG_WARN_SUSPICIOUS_MOVE = YES;
				CLANG_WARN_UNGUARDED_AVAILABILITY = YES_AGGRESSIVE;
				CLANG_WARN_UNREACHABLE_CODE = YES;
				CLANG_WARN__DUPLICATE_METHOD_MATCH = YES;
				COPY_PHASE_STRIP = NO;
				DEBUG_INFORMATION_FORMAT = dwarf;
				ENABLE_STRICT_OBJC_MSGSEND = YES;
				ENABLE_TESTABILITY = YES;
				GCC_C_LANGUAGE_STANDARD = gnu11;
				GCC_DYNAMIC_NO_PIC = NO;
				GCC_NO_COMMON_BLOCKS = YES;
				GCC_OPTIMIZATION_LEVEL = 0;
				GCC_PREPROCESSOR_DEFINITIONS = (
					"DEBUG=1",
					"$(inherited)",
				);
				GCC_WARN_64_TO_32_BIT_CONVERSION = YES;
				GCC_WARN_ABOUT_RETURN_TYPE = YES_ERROR;
				GCC_WARN_UNDECLARED_SELECTOR = YES;
				GCC_WARN_UNINITIALIZED_AUTOS = YES_AGGRESSIVE;
				GCC_WARN_UNUSED_FUNCTION = YES;
				GCC_WARN_UNUSED_VARIABLE = YES;
				IPHONEOS_DEPLOYMENT_TARGET = 14.4;
				MTL_ENABLE_DEBUG_INFO = INCLUDE_SOURCE;
				MTL_FAST_MATH = YES;
				ONLY_ACTIVE_ARCH = YES;
				SDKROOT = iphoneos;
				SWIFT_ACTIVE_COMPILATION_CONDITIONS = DEBUG;
				SWIFT_OPTIMIZATION_LEVEL = "-Onone";
			};
			name = Debug;
		};
		4650ED2225DE5936007E445C /* Release */ = {
			isa = XCBuildConfiguration;
			buildSettings = {
				ALWAYS_SEARCH_USER_PATHS = NO;
				CLANG_ANALYZER_NONNULL = YES;
				CLANG_ANALYZER_NUMBER_OBJECT_CONVERSION = YES_AGGRESSIVE;
				CLANG_CXX_LANGUAGE_STANDARD = "gnu++14";
				CLANG_CXX_LIBRARY = "libc++";
				CLANG_ENABLE_MODULES = YES;
				CLANG_ENABLE_OBJC_ARC = YES;
				CLANG_ENABLE_OBJC_WEAK = YES;
				CLANG_WARN_BLOCK_CAPTURE_AUTORELEASING = YES;
				CLANG_WARN_BOOL_CONVERSION = YES;
				CLANG_WARN_COMMA = YES;
				CLANG_WARN_CONSTANT_CONVERSION = YES;
				CLANG_WARN_DEPRECATED_OBJC_IMPLEMENTATIONS = YES;
				CLANG_WARN_DIRECT_OBJC_ISA_USAGE = YES_ERROR;
				CLANG_WARN_DOCUMENTATION_COMMENTS = YES;
				CLANG_WARN_EMPTY_BODY = YES;
				CLANG_WARN_ENUM_CONVERSION = YES;
				CLANG_WARN_INFINITE_RECURSION = YES;
				CLANG_WARN_INT_CONVERSION = YES;
				CLANG_WARN_NON_LITERAL_NULL_CONVERSION = YES;
				CLANG_WARN_OBJC_IMPLICIT_RETAIN_SELF = YES;
				CLANG_WARN_OBJC_LITERAL_CONVERSION = YES;
				CLANG_WARN_OBJC_ROOT_CLASS = YES_ERROR;
				CLANG_WARN_QUOTED_INCLUDE_IN_FRAMEWORK_HEADER = YES;
				CLANG_WARN_RANGE_LOOP_ANALYSIS = YES;
				CLANG_WARN_STRICT_PROTOTYPES = YES;
				CLANG_WARN_SUSPICIOUS_MOVE = YES;
				CLANG_WARN_UNGUARDED_AVAILABILITY = YES_AGGRESSIVE;
				CLANG_WARN_UNREACHABLE_CODE = YES;
				CLANG_WARN__DUPLICATE_METHOD_MATCH = YES;
				COPY_PHASE_STRIP = NO;
				DEBUG_INFORMATION_FORMAT = "dwarf-with-dsym";
				ENABLE_NS_ASSERTIONS = NO;
				ENABLE_STRICT_OBJC_MSGSEND = YES;
				GCC_C_LANGUAGE_STANDARD = gnu11;
				GCC_NO_COMMON_BLOCKS = YES;
				GCC_WARN_64_TO_32_BIT_CONVERSION = YES;
				GCC_WARN_ABOUT_RETURN_TYPE = YES_ERROR;
				GCC_WARN_UNDECLARED_SELECTOR = YES;
				GCC_WARN_UNINITIALIZED_AUTOS = YES_AGGRESSIVE;
				GCC_WARN_UNUSED_FUNCTION = YES;
				GCC_WARN_UNUSED_VARIABLE = YES;
				IPHONEOS_DEPLOYMENT_TARGET = 14.4;
				MTL_ENABLE_DEBUG_INFO = NO;
				MTL_FAST_MATH = YES;
				SDKROOT = iphoneos;
				SWIFT_COMPILATION_MODE = wholemodule;
				SWIFT_OPTIMIZATION_LEVEL = "-O";
				VALIDATE_PRODUCT = YES;
			};
			name = Release;
		};
		4650ED2425DE5936007E445C /* Debug */ = {
			isa = XCBuildConfiguration;
			buildSettings = {
				ASSETCATALOG_COMPILER_APPICON_NAME = AppIcon;
				ASSETCATALOG_COMPILER_GLOBAL_ACCENT_COLOR_NAME = AccentColor;
				CODE_SIGN_STYLE = Automatic;
				DEVELOPMENT_TEAM = TYC5BK4Q43;
				INFOPLIST_FILE = WeatherApp/Info.plist;
				LD_RUNPATH_SEARCH_PATHS = (
					"$(inherited)",
					"@executable_path/Frameworks",
				);
				PRODUCT_BUNDLE_IDENTIFIER = com.WSP.WeatherApp;
				PRODUCT_NAME = "$(TARGET_NAME)";
				SWIFT_VERSION = 5.0;
				TARGETED_DEVICE_FAMILY = "1,2";
			};
			name = Debug;
		};
		4650ED2525DE5936007E445C /* Release */ = {
			isa = XCBuildConfiguration;
			buildSettings = {
				ASSETCATALOG_COMPILER_APPICON_NAME = AppIcon;
				ASSETCATALOG_COMPILER_GLOBAL_ACCENT_COLOR_NAME = AccentColor;
				CODE_SIGN_STYLE = Automatic;
				DEVELOPMENT_TEAM = TYC5BK4Q43;
				INFOPLIST_FILE = WeatherApp/Info.plist;
				LD_RUNPATH_SEARCH_PATHS = (
					"$(inherited)",
					"@executable_path/Frameworks",
				);
				PRODUCT_BUNDLE_IDENTIFIER = com.WSP.WeatherApp;
				PRODUCT_NAME = "$(TARGET_NAME)";
				SWIFT_VERSION = 5.0;
				TARGETED_DEVICE_FAMILY = "1,2";
			};
			name = Release;
		};
/* End XCBuildConfiguration section */

/* Begin XCConfigurationList section */
		4650ED0A25DE5933007E445C /* Build configuration list for PBXProject "WeatherApp" */ = {
			isa = XCConfigurationList;
			buildConfigurations = (
				4650ED2125DE5936007E445C /* Debug */,
				4650ED2225DE5936007E445C /* Release */,
			);
			defaultConfigurationIsVisible = 0;
			defaultConfigurationName = Release;
		};
		4650ED2325DE5936007E445C /* Build configuration list for PBXNativeTarget "WeatherApp" */ = {
			isa = XCConfigurationList;
			buildConfigurations = (
				4650ED2425DE5936007E445C /* Debug */,
				4650ED2525DE5936007E445C /* Release */,
			);
			defaultConfigurationIsVisible = 0;
			defaultConfigurationName = Release;
		};
/* End XCConfigurationList section */
	};
	rootObject = 4650ED0725DE5933007E445C /* Project object */;
}
